
Microsoft Visual Studio Solution File, Format Version 12.00
# Visual Studio Version 17
VisualStudioVersion = 17.6.33723.286
MinimumVisualStudioVersion = 10.0.40219.1
Project("{FAE04EC0-301F-11D3-BF4B-00C04F79EFBC}") = "YieldTutorial", "YieldTutorial\YieldTutorial.csproj", "{4491CE7A-93F3-45F8-99A6-2204F4ED6109}"
EndProject
Global
	GlobalSection(SolutionConfigurationPlatforms) = preSolution
		Debug|Any CPU = Debug|Any CPU
		Release|Any CPU = Release|Any CPU
	EndGlobalSection
	GlobalSection(ProjectConfigurationPlatforms) = postSolution
		{4491CE7A-93F3-45F8-99A6-2204F4ED6109}.Debug|Any CPU.ActiveCfg = Debug|Any CPU
		{4491CE7A-93F3-45F8-99A6-2204F4ED6109}.Debug|Any CPU.Build.0 = Debug|Any CPU
		{4491CE7A-93F3-45F8-99A6-2204F4ED6109}.Release|Any CPU.ActiveCfg = Release|Any CPU
		{4491CE7A-93F3-45F8-99A6-2204F4ED6109}.Release|Any CPU.Build.0 = Release|Any CPU
	EndGlobalSection
	GlobalSection(SolutionProperties) = preSolution
		HideSolutionNode = FALSE
	EndGlobalSection
	GlobalSection(ExtensibilityGlobals) = postSolution
		SolutionGuid = {93A13FBA-F444-41C7-BAD0-46E0C36F78A8}
	EndGlobalSection
EndGlobal
